// !$*UTF8*$!
{
	archiveVersion = 1;
	classes = {
	};
	objectVersion = 46;
	objects = {

/* Begin PBXBuildFile section */
		C306B5AF1E477B700044D9E6 /* main.m in Sources */ = {isa = PBXBuildFile; fileRef = C306B5AE1E477B700044D9E6 /* main.m */; };
		C306B5B21E477B700044D9E6 /* AppDelegate.m in Sources */ = {isa = PBXBuildFile; fileRef = C306B5B11E477B700044D9E6 /* AppDelegate.m */; };
		C306B5B51E477B700044D9E6 /* ViewController.m in Sources */ = {isa = PBXBuildFile; fileRef = C306B5B41E477B700044D9E6 /* ViewController.m */; };
		C306B5B81E477B700044D9E6 /* Main.storyboard in Resources */ = {isa = PBXBuildFile; fileRef = C306B5B61E477B700044D9E6 /* Main.storyboard */; };
		C306B5BA1E477B700044D9E6 /* Assets.xcassets in Resources */ = {isa = PBXBuildFile; fileRef = C306B5B91E477B700044D9E6 /* Assets.xcassets */; };
		C306B5BD1E477B700044D9E6 /* LaunchScreen.storyboard in Resources */ = {isa = PBXBuildFile; fileRef = C306B5BB1E477B700044D9E6 /* LaunchScreen.storyboard */; };
		C306B5E71E47951B0044D9E6 /* 1024.jpg in Resources */ = {isa = PBXBuildFile; fileRef = C306B5DC1E47951B0044D9E6 /* 1024.jpg */; };
		C306B5E81E47951B0044D9E6 /* 128.jpg in Resources */ = {isa = PBXBuildFile; fileRef = C306B5DD1E47951B0044D9E6 /* 128.jpg */; };
		C306B5E91E47951B0044D9E6 /* 16.jpg in Resources */ = {isa = PBXBuildFile; fileRef = C306B5DE1E47951B0044D9E6 /* 16.jpg */; };
		C306B5EA1E47951B0044D9E6 /* 2.jpg in Resources */ = {isa = PBXBuildFile; fileRef = C306B5DF1E47951B0044D9E6 /* 2.jpg */; };
		C306B5EB1E47951B0044D9E6 /* 2048.jpg in Resources */ = {isa = PBXBuildFile; fileRef = C306B5E01E47951B0044D9E6 /* 2048.jpg */; };
		C306B5EC1E47951B0044D9E6 /* 256.jpg in Resources */ = {isa = PBXBuildFile; fileRef = C306B5E11E47951B0044D9E6 /* 256.jpg */; };
		C306B5ED1E47951B0044D9E6 /* 32.jpg in Resources */ = {isa = PBXBuildFile; fileRef = C306B5E21E47951B0044D9E6 /* 32.jpg */; };
		C306B5EE1E47951B0044D9E6 /* 4.jpg in Resources */ = {isa = PBXBuildFile; fileRef = C306B5E31E47951B0044D9E6 /* 4.jpg */; };
		C306B5EF1E47951B0044D9E6 /* 512.jpg in Resources */ = {isa = PBXBuildFile; fileRef = C306B5E41E47951B0044D9E6 /* 512.jpg */; };
		C306B5F01E47951B0044D9E6 /* 64.jpg in Resources */ = {isa = PBXBuildFile; fileRef = C306B5E51E47951B0044D9E6 /* 64.jpg */; };
		C306B5F11E47951B0044D9E6 /* 8.jpg in Resources */ = {isa = PBXBuildFile; fileRef = C306B5E61E47951B0044D9E6 /* 8.jpg */; };
		C306B5F31E4799D20044D9E6 /* 2.png in Resources */ = {isa = PBXBuildFile; fileRef = C306B5F21E4799D20044D9E6 /* 2.png */; };
		C306B5F51E47A3DC0044D9E6 /* 0.jpg in Resources */ = {isa = PBXBuildFile; fileRef = C306B5F41E47A3DC0044D9E6 /* 0.jpg */; };
/* End PBXBuildFile section */

/* Begin PBXFileReference section */
		C306B5AA1E477B700044D9E6 /* game2048.app */ = {isa = PBXFileReference; explicitFileType = wrapper.application; includeInIndex = 0; path = game2048.app; sourceTree = BUILT_PRODUCTS_DIR; };
		C306B5AE1E477B700044D9E6 /* main.m */ = {isa = PBXFileReference; lastKnownFileType = sourcecode.c.objc; path = main.m; sourceTree = "<group>"; };
		C306B5B01E477B700044D9E6 /* AppDelegate.h */ = {isa = PBXFileReference; lastKnownFileType = sourcecode.c.h; path = AppDelegate.h; sourceTree = "<group>"; };
		C306B5B11E477B700044D9E6 /* AppDelegate.m */ = {isa = PBXFileReference; lastKnownFileType = sourcecode.c.objc; path = AppDelegate.m; sourceTree = "<group>"; };
		C306B5B31E477B700044D9E6 /* ViewController.h */ = {isa = PBXFileReference; lastKnownFileType = sourcecode.c.h; path = ViewController.h; sourceTree = "<group>"; };
		C306B5B41E477B700044D9E6 /* ViewController.m */ = {isa = PBXFileReference; lastKnownFileType = sourcecode.c.objc; name = ViewController.m; path = game2048/ViewController.m; sourceTree = SOURCE_ROOT; };
		C306B5B71E477B700044D9E6 /* Base */ = {isa = PBXFileReference; lastKnownFileType = file.storyboard; name = Base; path = Base.lproj/Main.storyboard; sourceTree = "<group>"; };
		C306B5B91E477B700044D9E6 /* Assets.xcassets */ = {isa = PBXFileReference; lastKnownFileType = folder.assetcatalog; path = Assets.xcassets; sourceTree = "<group>"; };
		C306B5BC1E477B700044D9E6 /* Base */ = {isa = PBXFileReference; lastKnownFileType = file.storyboard; name = Base; path = Base.lproj/LaunchScreen.storyboard; sourceTree = "<group>"; };
		C306B5BE1E477B700044D9E6 /* Info.plist */ = {isa = PBXFileReference; lastKnownFileType = text.plist.xml; path = Info.plist; sourceTree = "<group>"; };
		C306B5DC1E47951B0044D9E6 /* 1024.jpg */ = {isa = PBXFileReference; lastKnownFileType = image.jpeg; path = 1024.jpg; sourceTree = "<group>"; };
		C306B5DD1E47951B0044D9E6 /* 128.jpg */ = {isa = PBXFileReference; lastKnownFileType = image.jpeg; path = 128.jpg; sourceTree = "<group>"; };
		C306B5DE1E47951B0044D9E6 /* 16.jpg */ = {isa = PBXFileReference; lastKnownFileType = image.jpeg; path = 16.jpg; sourceTree = "<group>"; };
		C306B5DF1E47951B0044D9E6 /* 2.jpg */ = {isa = PBXFileReference; lastKnownFileType = image.jpeg; path = 2.jpg; sourceTree = "<group>"; };
		C306B5E01E47951B0044D9E6 /* 2048.jpg */ = {isa = PBXFileReference; lastKnownFileType = image.jpeg; path = 2048.jpg; sourceTree = "<group>"; };
		C306B5E11E47951B0044D9E6 /* 256.jpg */ = {isa = PBXFileReference; lastKnownFileType = image.jpeg; path = 256.jpg; sourceTree = "<group>"; };
		C306B5E21E47951B0044D9E6 /* 32.jpg */ = {isa = PBXFileReference; lastKnownFileType = image.jpeg; path = 32.jpg; sourceTree = "<group>"; };
		C306B5E31E47951B0044D9E6 /* 4.jpg */ = {isa = PBXFileReference; lastKnownFileType = image.jpeg; path = 4.jpg; sourceTree = "<group>"; };
		C306B5E41E47951B0044D9E6 /* 512.jpg */ = {isa = PBXFileReference; lastKnownFileType = image.jpeg; path = 512.jpg; sourceTree = "<group>"; };
		C306B5E51E47951B0044D9E6 /* 64.jpg */ = {isa = PBXFileReference; lastKnownFileType = image.jpeg; path = 64.jpg; sourceTree = "<group>"; };
		C306B5E61E47951B0044D9E6 /* 8.jpg */ = {isa = PBXFileReference; lastKnownFileType = image.jpeg; path = 8.jpg; sourceTree = "<group>"; };
		C306B5F21E4799D20044D9E6 /* 2.png */ = {isa = PBXFileReference; lastKnownFileType = image.png; name = 2.png; path = game2048/tile/2.png; sourceTree = SOURCE_ROOT; };
		C306B5F41E47A3DC0044D9E6 /* 0.jpg */ = {isa = PBXFileReference; lastKnownFileType = image.jpeg; path = 0.jpg; sourceTree = "<group>"; };
/* End PBXFileReference section */

/* Begin PBXFrameworksBuildPhase section */
		C306B5A71E477B700044D9E6 /* Frameworks */ = {
			isa = PBXFrameworksBuildPhase;
			buildActionMask = 2147483647;
			files = (
			);
			runOnlyForDeploymentPostprocessing = 0;
		};
/* End PBXFrameworksBuildPhase section */

/* Begin PBXGroup section */
		C306B5A11E477B700044D9E6 = {
			isa = PBXGroup;
			children = (
				C306B5AC1E477B700044D9E6 /* game2048 */,
				C306B5AB1E477B700044D9E6 /* Products */,
			);
			sourceTree = "<group>";
		};
		C306B5AB1E477B700044D9E6 /* Products */ = {
			isa = PBXGroup;
			children = (
				C306B5AA1E477B700044D9E6 /* game2048.app */,
			);
			name = Products;
			sourceTree = "<group>";
		};
		C306B5AC1E477B700044D9E6 /* game2048 */ = {
			isa = PBXGroup;
			children = (
				C306B5DB1E47951B0044D9E6 /* tile */,
				C306B5B01E477B700044D9E6 /* AppDelegate.h */,
				C306B5B11E477B700044D9E6 /* AppDelegate.m */,
				C306B5B31E477B700044D9E6 /* ViewController.h */,
				C306B5B41E477B700044D9E6 /* ViewController.m */,
				C306B5B61E477B700044D9E6 /* Main.storyboard */,
				C306B5B91E477B700044D9E6 /* Assets.xcassets */,
				C306B5BB1E477B700044D9E6 /* LaunchScreen.storyboard */,
				C306B5BE1E477B700044D9E6 /* Info.plist */,
				C306B5AD1E477B700044D9E6 /* Supporting Files */,
			);
			path = game2048;
			sourceTree = "<group>";
		};
		C306B5AD1E477B700044D9E6 /* Supporting Files */ = {
			isa = PBXGroup;
			children = (
				C306B5AE1E477B700044D9E6 /* main.m */,
			);
			name = "Supporting Files";
			sourceTree = "<group>";
		};
		C306B5DB1E47951B0044D9E6 /* tile */ = {
			isa = PBXGroup;
			children = (
				C306B5F41E47A3DC0044D9E6 /* 0.jpg */,
				C306B5F21E4799D20044D9E6 /* 2.png */,
				C306B5DC1E47951B0044D9E6 /* 1024.jpg */,
				C306B5DD1E47951B0044D9E6 /* 128.jpg */,
				C306B5DE1E47951B0044D9E6 /* 16.jpg */,
				C306B5DF1E47951B0044D9E6 /* 2.jpg */,
				C306B5E01E47951B0044D9E6 /* 2048.jpg */,
				C306B5E11E47951B0044D9E6 /* 256.jpg */,
				C306B5E21E47951B0044D9E6 /* 32.jpg */,
				C306B5E31E47951B0044D9E6 /* 4.jpg */,
				C306B5E41E47951B0044D9E6 /* 512.jpg */,
				C306B5E51E47951B0044D9E6 /* 64.jpg */,
				C306B5E61E47951B0044D9E6 /* 8.jpg */,
			);
			path = tile;
			sourceTree = "<group>";
		};
/* End PBXGroup section */

/* Begin PBXNativeTarget section */
		C306B5A91E477B700044D9E6 /* game2048 */ = {
			isa = PBXNativeTarget;
			buildConfigurationList = C306B5C11E477B700044D9E6 /* Build configuration list for PBXNativeTarget "game2048" */;
			buildPhases = (
				C306B5A61E477B700044D9E6 /* Sources */,
				C306B5A71E477B700044D9E6 /* Frameworks */,
				C306B5A81E477B700044D9E6 /* Resources */,
			);
			buildRules = (
			);
			dependencies = (
			);
			name = game2048;
			productName = game2048;
			productReference = C306B5AA1E477B700044D9E6 /* game2048.app */;
			productType = "com.apple.product-type.application";
		};
/* End PBXNativeTarget section */

/* Begin PBXProject section */
		C306B5A21E477B700044D9E6 /* Project object */ = {
			isa = PBXProject;
			attributes = {
				LastUpgradeCheck = 0820;
				ORGANIZATIONNAME = "Abhineet Sharma";
				TargetAttributes = {
					C306B5A91E477B700044D9E6 = {
						CreatedOnToolsVersion = 8.2.1;
						DevelopmentTeam = Q9C6QH986W;
						ProvisioningStyle = Automatic;
					};
				};
			};
			buildConfigurationList = C306B5A51E477B700044D9E6 /* Build configuration list for PBXProject "game2048" */;
			compatibilityVersion = "Xcode 3.2";
			developmentRegion = English;
			hasScannedForEncodings = 0;
			knownRegions = (
				en,
				Base,
			);
			mainGroup = C306B5A11E477B700044D9E6;
			productRefGroup = C306B5AB1E477B700044D9E6 /* Products */;
			projectDirPath = "";
			projectRoot = "";
			targets = (
				C306B5A91E477B700044D9E6 /* game2048 */,
			);
		};
/* End PBXProject section */

/* Begin PBXResourcesBuildPhase section */
		C306B5A81E477B700044D9E6 /* Resources */ = {
			isa = PBXResourcesBuildPhase;
			buildActionMask = 2147483647;
			files = (
				C306B5F01E47951B0044D9E6 /* 64.jpg in Resources */,
				C306B5EE1E47951B0044D9E6 /* 4.jpg in Resources */,
				C306B5ED1E47951B0044D9E6 /* 32.jpg in Resources */,
				C306B5EC1E47951B0044D9E6 /* 256.jpg in Resources */,
				C306B5F51E47A3DC0044D9E6 /* 0.jpg in Resources */,
				C306B5BD1E477B700044D9E6 /* LaunchScreen.storyboard in Resources */,
				C306B5BA1E477B700044D9E6 /* Assets.xcassets in Resources */,
				C306B5F11E47951B0044D9E6 /* 8.jpg in Resources */,
				C306B5EA1E47951B0044D9E6 /* 2.jpg in Resources */,
				C306B5EF1E47951B0044D9E6 /* 512.jpg in Resources */,
				C306B5E71E47951B0044D9E6 /* 1024.jpg in Resources */,
				C306B5B81E477B700044D9E6 /* Main.storyboard in Resources */,
				C306B5EB1E47951B0044D9E6 /* 2048.jpg in Resources */,
				C306B5F31E4799D20044D9E6 /* 2.png in Resources */,
				C306B5E91E47951B0044D9E6 /* 16.jpg in Resources */,
				C306B5E81E47951B0044D9E6 /* 128.jpg in Resources */,
			);
			runOnlyForDeploymentPostprocessing = 0;
		};
/* End PBXResourcesBuildPhase section */

/* Begin PBXSourcesBuildPhase section */
		C306B5A61E477B700044D9E6 /* Sources */ = {
			isa = PBXSourcesBuildPhase;
			buildActionMask = 2147483647;
			files = (
				C306B5B51E477B700044D9E6 /* ViewController.m in Sources */,
				C306B5B21E477B700044D9E6 /* AppDelegate.m in Sources */,
				C306B5AF1E477B700044D9E6 /* main.m in Sources */,
			);
			runOnlyForDeploymentPostprocessing = 0;
		};
/* End PBXSourcesBuildPhase section */

/* Begin PBXVariantGroup section */
		C306B5B61E477B700044D9E6 /* Main.storyboard */ = {
			isa = PBXVariantGroup;
			children = (
				C306B5B71E477B700044D9E6 /* Base */,
			);
			name = Main.storyboard;
			sourceTree = "<group>";
		};
		C306B5BB1E477B700044D9E6 /* LaunchScreen.storyboard */ = {
			isa = PBXVariantGroup;
			children = (
				C306B5BC1E477B700044D9E6 /* Base */,
			);
			name = LaunchScreen.storyboard;
			sourceTree = "<group>";
		};
/* End PBXVariantGroup section */

/* Begin XCBuildConfiguration section */
		C306B5BF1E477B700044D9E6 /* Debug */ = {
			isa = XCBuildConfiguration;
			buildSettings = {
				ALWAYS_SEARCH_USER_PATHS = NO;
				CLANG_ANALYZER_NONNULL = YES;
				CLANG_CXX_LANGUAGE_STANDARD = "gnu++0x";
				CLANG_CXX_LIBRARY = "libc++";
				CLANG_ENABLE_MODULES = YES;
				CLANG_ENABLE_OBJC_ARC = YES;
				CLANG_WARN_BOOL_CONVERSION = YES;
				CLANG_WARN_CONSTANT_CONVERSION = YES;
				CLANG_WARN_DIRECT_OBJC_ISA_USAGE = YES_ERROR;
				CLANG_WARN_DOCUMENTATION_COMMENTS = YES;
				CLANG_WARN_EMPTY_BODY = YES;
				CLANG_WARN_ENUM_CONVERSION = YES;
				CLANG_WARN_INFINITE_RECURSION = YES;
				CLANG_WARN_INT_CONVERSION = YES;
				CLANG_WARN_OBJC_ROOT_CLASS = YES_ERROR;
				CLANG_WARN_SUSPICIOUS_MOVE = YES;
				CLANG_WARN_UNREACHABLE_CODE = YES;
				CLANG_WARN__DUPLICATE_METHOD_MATCH = YES;
				"CODE_SIGN_IDENTITY[sdk=iphoneos*]" = "iPhone Developer";
				COPY_PHASE_STRIP = NO;
				DEBUG_INFORMATION_FORMAT = dwarf;
				ENABLE_STRICT_OBJC_MSGSEND = YES;
				ENABLE_TESTABILITY = YES;
				GCC_C_LANGUAGE_STANDARD = gnu99;
				GCC_DYNAMIC_NO_PIC = NO;
				GCC_NO_COMMON_BLOCKS = YES;
				GCC_OPTIMIZATION_LEVEL = 0;
				GCC_PREPROCESSOR_DEFINITIONS = (
					"DEBUG=1",
					"$(inherited)",
				);
				GCC_WARN_64_TO_32_BIT_CONVERSION = YES;
				GCC_WARN_ABOUT_RETURN_TYPE = YES_ERROR;
				GCC_WARN_UNDECLARED_SELECTOR = YES;
				GCC_WARN_UNINITIALIZED_AUTOS = YES_AGGRESSIVE;
				GCC_WARN_UNUSED_FUNCTION = YES;
				GCC_WARN_UNUSED_VARIABLE = YES;
				IPHONEOS_DEPLOYMENT_TARGET = 10.2;
				MTL_ENABLE_DEBUG_INFO = YES;
				ONLY_ACTIVE_ARCH = YES;
				SDKROOT = iphoneos;
			};
			name = Debug;
		};
		C306B5C01E477B700044D9E6 /* Release */ = {
			isa = XCBuildConfiguration;
			buildSettings = {
				ALWAYS_SEARCH_USER_PATHS = NO;
				CLANG_ANALYZER_NONNULL = YES;
				CLANG_CXX_LANGUAGE_STANDARD = "gnu++0x";
				CLANG_CXX_LIBRARY = "libc++";
				CLANG_ENABLE_MODULES = YES;
				CLANG_ENABLE_OBJC_ARC = YES;
				CLANG_WARN_BOOL_CONVERSION = YES;
				CLANG_WARN_CONSTANT_CONVERSION = YES;
				CLANG_WARN_DIRECT_OBJC_ISA_USAGE = YES_ERROR;
				CLANG_WARN_DOCUMENTATION_COMMENTS = YES;
				CLANG_WARN_EMPTY_BODY = YES;
				CLANG_WARN_ENUM_CONVERSION = YES;
				CLANG_WARN_INFINITE_RECURSION = YES;
				CLANG_WARN_INT_CONVERSION = YES;
				CLANG_WARN_OBJC_ROOT_CLASS = YES_ERROR;
				CLANG_WARN_SUSPICIOUS_MOVE = YES;
				CLANG_WARN_UNREACHABLE_CODE = YES;
				CLANG_WARN__DUPLICATE_METHOD_MATCH = YES;
				"CODE_SIGN_IDENTITY[sdk=iphoneos*]" = "iPhone Developer";
				COPY_PHASE_STRIP = NO;
				DEBUG_INFORMATION_FORMAT = "dwarf-with-dsym";
				ENABLE_NS_ASSERTIONS = NO;
				ENABLE_STRICT_OBJC_MSGSEND = YES;
				GCC_C_LANGUAGE_STANDARD = gnu99;
				GCC_NO_COMMON_BLOCKS = YES;
				GCC_WARN_64_TO_32_BIT_CONVERSION = YES;
				GCC_WARN_ABOUT_RETURN_TYPE = YES_ERROR;
				GCC_WARN_UNDECLARED_SELECTOR = YES;
				GCC_WARN_UNINITIALIZED_AUTOS = YES_AGGRESSIVE;
				GCC_WARN_UNUSED_FUNCTION = YES;
				GCC_WARN_UNUSED_VARIABLE = YES;
				IPHONEOS_DEPLOYMENT_TARGET = 10.2;
				MTL_ENABLE_DEBUG_INFO = NO;
				SDKROOT = iphoneos;
				VALIDATE_PRODUCT = YES;
			};
			name = Release;
		};
		C306B5C21E477B700044D9E6 /* Debug */ = {
			isa = XCBuildConfiguration;
			buildSettings = {
				ASSETCATALOG_COMPILER_APPICON_NAME = AppIcon;
				DEVELOPMENT_TEAM = Q9C6QH986W;
				INFOPLIST_FILE = game2048/Info.plist;
				LD_RUNPATH_SEARCH_PATHS = "$(inherited) @executable_path/Frameworks";
				PRODUCT_BUNDLE_IDENTIFIER = com.abhineet.game2048;
				PRODUCT_NAME = "$(TARGET_NAME)";
			};
			name = Debug;
		};
		C306B5C31E477B700044D9E6 /* Release */ = {
			isa = XCBuildConfiguration;
			buildSettings = {
				ASSETCATALOG_COMPILER_APPICON_NAME = AppIcon;
				DEVELOPMENT_TEAM = Q9C6QH986W;
				INFOPLIST_FILE = game2048/Info.plist;
				LD_RUNPATH_SEARCH_PATHS = "$(inherited) @executable_path/Frameworks";
				PRODUCT_BUNDLE_IDENTIFIER = com.abhineet.game2048;
				PRODUCT_NAME = "$(TARGET_NAME)";
			};
			name = Release;
		};
/* End XCBuildConfiguration section */

/* Begin XCConfigurationList section */
		C306B5A51E477B700044D9E6 /* Build configuration list for PBXProject "game2048" */ = {
			isa = XCConfigurationList;
			buildConfigurations = (
				C306B5BF1E477B700044D9E6 /* Debug */,
				C306B5C01E477B700044D9E6 /* Release */,
			);
			defaultConfigurationIsVisible = 0;
			defaultConfigurationName = Release;
		};
		C306B5C11E477B700044D9E6 /* Build configuration list for PBXNativeTarget "game2048" */ = {
			isa = XCConfigurationList;
			buildConfigurations = (
				C306B5C21E477B700044D9E6 /* Debug */,
				C306B5C31E477B700044D9E6 /* Release */,
			);
			defaultConfigurationIsVisible = 0;
		};
/* End XCConfigurationList section */
	};
	rootObject = C306B5A21E477B700044D9E6 /* Project object */;
}
